
Microsoft Visual Studio Solution File, Format Version 12.00
# Visual Studio Version 16
VisualStudioVersion = 16.0.30517.126
MinimumVisualStudioVersion = 10.0.40219.1
Project("{9A19103F-16F7-4668-BE54-9A1E7A4F7556}") = "WPFFormUI", "IntroToUnitTestingWPF\WPFFormUI.csproj", "{D25C11AD-D1E2-49CB-8D2E-C88AE0749E4E}"
EndProject
Project("{9A19103F-16F7-4668-BE54-9A1E7A4F7556}") = "DemoLibrary", "DemoLibrary\DemoLibrary.csproj", "{1231DBD5-AB9C-499E-B291-B40C782CC554}"
EndProject
Project("{FAE04EC0-301F-11D3-BF4B-00C04F79EFBC}") = "DemoLibrary.Tests", "DemoLibrary.Tests\DemoLibrary.Tests.csproj", "{0CE8F75F-6B2C-4E0D-9CF2-84993704CB14}"
EndProject
Global
	GlobalSection(SolutionConfigurationPlatforms) = preSolution
		Debug|Any CPU = Debug|Any CPU
		Release|Any CPU = Release|Any CPU
	EndGlobalSection
	GlobalSection(ProjectConfigurationPlatforms) = postSolution
		{D25C11AD-D1E2-49CB-8D2E-C88AE0749E4E}.Debug|Any CPU.ActiveCfg = Debug|Any CPU
		{D25C11AD-D1E2-49CB-8D2E-C88AE0749E4E}.Debug|Any CPU.Build.0 = Debug|Any CPU
		{D25C11AD-D1E2-49CB-8D2E-C88AE0749E4E}.Release|Any CPU.ActiveCfg = Release|Any CPU
		{D25C11AD-D1E2-49CB-8D2E-C88AE0749E4E}.Release|Any CPU.Build.0 = Release|Any CPU
		{1231DBD5-AB9C-499E-B291-B40C782CC554}.Debug|Any CPU.ActiveCfg = Debug|Any CPU
		{1231DBD5-AB9C-499E-B291-B40C782CC554}.Debug|Any CPU.Build.0 = Debug|Any CPU
		{1231DBD5-AB9C-499E-B291-B40C782CC554}.Release|Any CPU.ActiveCfg = Release|Any CPU
		{1231DBD5-AB9C-499E-B291-B40C782CC554}.Release|Any CPU.Build.0 = Release|Any CPU
		{0CE8F75F-6B2C-4E0D-9CF2-84993704CB14}.Debug|Any CPU.ActiveCfg = Debug|Any CPU
		{0CE8F75F-6B2C-4E0D-9CF2-84993704CB14}.Debug|Any CPU.Build.0 = Debug|Any CPU
		{0CE8F75F-6B2C-4E0D-9CF2-84993704CB14}.Release|Any CPU.ActiveCfg = Release|Any CPU
		{0CE8F75F-6B2C-4E0D-9CF2-84993704CB14}.Release|Any CPU.Build.0 = Release|Any CPU
	EndGlobalSection
	GlobalSection(SolutionProperties) = preSolution
		HideSolutionNode = FALSE
	EndGlobalSection
	GlobalSection(ExtensibilityGlobals) = postSolution
		SolutionGuid = {B63ACB1A-368B-487D-9F9F-C076A798DD84}
	EndGlobalSection
EndGlobal
